
Microsoft Visual Studio Solution File, Format Version 12.00
# Visual Studio Version 17
VisualStudioVersion = 17.8.34408.163
MinimumVisualStudioVersion = 10.0.40219.1
Project("{FAE04EC0-301F-11D3-BF4B-00C04F79EFBC}") = "MG_Admin_GUI", "MG_Admin_GUI.csproj", "{908E806C-A99A-4CD4-9793-13DF14203E52}"
EndProject
Global
	GlobalSection(SolutionConfigurationPlatforms) = preSolution
		Debug|Any CPU = Debug|Any CPU
		Release|Any CPU = Release|Any CPU
	EndGlobalSection
	GlobalSection(ProjectConfigurationPlatforms) = postSolution
		{908E806C-A99A-4CD4-9793-13DF14203E52}.Debug|Any CPU.ActiveCfg = Debug|Any CPU
		{908E806C-A99A-4CD4-9793-13DF14203E52}.Debug|Any CPU.Build.0 = Debug|Any CPU
		{908E806C-A99A-4CD4-9793-13DF14203E52}.Release|Any CPU.ActiveCfg = Release|Any CPU
		{908E806C-A99A-4CD4-9793-13DF14203E52}.Release|Any CPU.Build.0 = Release|Any CPU
	EndGlobalSection
	GlobalSection(SolutionProperties) = preSolution
		HideSolutionNode = FALSE
	EndGlobalSection
	GlobalSection(ExtensibilityGlobals) = postSolution
		SolutionGuid = {54A1BB71-B06C-4AA0-B681-3EA3C2C7836A}
	EndGlobalSection
EndGlobal
