
Microsoft Visual Studio Solution File, Format Version 12.00
# Visual Studio Version 17
VisualStudioVersion = 17.7.34024.191
MinimumVisualStudioVersion = 10.0.40219.1
Project("{FAE04EC0-301F-11D3-BF4B-00C04F79EFBC}") = "MG_Admin_GUI", "MG_Admin_GUI.csproj", "{BAB158DE-F120-4EB7-86FE-D4B9CFAF8739}"
EndProject
Global
	GlobalSection(SolutionConfigurationPlatforms) = preSolution
		Debug|Any CPU = Debug|Any CPU
		Release|Any CPU = Release|Any CPU
	EndGlobalSection
	GlobalSection(ProjectConfigurationPlatforms) = postSolution
		{BAB158DE-F120-4EB7-86FE-D4B9CFAF8739}.Debug|Any CPU.ActiveCfg = Debug|Any CPU
		{BAB158DE-F120-4EB7-86FE-D4B9CFAF8739}.Debug|Any CPU.Build.0 = Debug|Any CPU
		{BAB158DE-F120-4EB7-86FE-D4B9CFAF8739}.Release|Any CPU.ActiveCfg = Release|Any CPU
		{BAB158DE-F120-4EB7-86FE-D4B9CFAF8739}.Release|Any CPU.Build.0 = Release|Any CPU
	EndGlobalSection
	GlobalSection(SolutionProperties) = preSolution
		HideSolutionNode = FALSE
	EndGlobalSection
	GlobalSection(ExtensibilityGlobals) = postSolution
		SolutionGuid = {6D913E92-171D-4CDE-BAD1-4196E201D458}
	EndGlobalSection
EndGlobal
